
Microsoft Visual Studio Solution File, Format Version 12.00
# Visual Studio Version 17
VisualStudioVersion = 17.3.32922.545
MinimumVisualStudioVersion = 10.0.40219.1
Project("{9A19103F-16F7-4668-BE54-9A1E7A4F7556}") = "GettingMessagesTelegram", "src\GettingMessagesTelegram\GettingMessagesTelegram.csproj", "{8BB0173A-5BB5-410B-A9A6-7CD0115E0D17}"
EndProject
Project("{9A19103F-16F7-4668-BE54-9A1E7A4F7556}") = "PublishImage", "src\PublishImage\PublishImage.csproj", "{5DE9A1DD-9C93-482D-8CE9-8ECFF3D17B4C}"
EndProject
Project("{9A19103F-16F7-4668-BE54-9A1E7A4F7556}") = "PublishImage.Tests", "tests\PublishImage.Tests\PublishImage.Tests.csproj", "{0857163D-8019-409C-9656-4B06DFBBC77E}"
EndProject
Project("{9A19103F-16F7-4668-BE54-9A1E7A4F7556}") = "PublishVideo", "src\PublishVideo\PublishVideo.csproj", "{503D7CB3-B8E1-48B3-854D-C19A4BACD9EE}"
EndProject
Project("{FAE04EC0-301F-11D3-BF4B-00C04F79EFBC}") = "ImportTranslate", "src\ImportTranslate\ImportTranslate.csproj", "{7F14BD1F-3513-4E53-9EF5-CE92D23B1FA1}"
EndProject
Global
	GlobalSection(SolutionConfigurationPlatforms) = preSolution
		Debug|Any CPU = Debug|Any CPU
		Release|Any CPU = Release|Any CPU
	EndGlobalSection
	GlobalSection(ProjectConfigurationPlatforms) = postSolution
		{8BB0173A-5BB5-410B-A9A6-7CD0115E0D17}.Debug|Any CPU.ActiveCfg = Debug|Any CPU
		{8BB0173A-5BB5-410B-A9A6-7CD0115E0D17}.Debug|Any CPU.Build.0 = Debug|Any CPU
		{8BB0173A-5BB5-410B-A9A6-7CD0115E0D17}.Release|Any CPU.ActiveCfg = Release|Any CPU
		{8BB0173A-5BB5-410B-A9A6-7CD0115E0D17}.Release|Any CPU.Build.0 = Release|Any CPU
		{5DE9A1DD-9C93-482D-8CE9-8ECFF3D17B4C}.Debug|Any CPU.ActiveCfg = Debug|Any CPU
		{5DE9A1DD-9C93-482D-8CE9-8ECFF3D17B4C}.Debug|Any CPU.Build.0 = Debug|Any CPU
		{5DE9A1DD-9C93-482D-8CE9-8ECFF3D17B4C}.Release|Any CPU.ActiveCfg = Release|Any CPU
		{5DE9A1DD-9C93-482D-8CE9-8ECFF3D17B4C}.Release|Any CPU.Build.0 = Release|Any CPU
		{0857163D-8019-409C-9656-4B06DFBBC77E}.Debug|Any CPU.ActiveCfg = Debug|Any CPU
		{0857163D-8019-409C-9656-4B06DFBBC77E}.Debug|Any CPU.Build.0 = Debug|Any CPU
		{0857163D-8019-409C-9656-4B06DFBBC77E}.Release|Any CPU.ActiveCfg = Release|Any CPU
		{0857163D-8019-409C-9656-4B06DFBBC77E}.Release|Any CPU.Build.0 = Release|Any CPU
		{503D7CB3-B8E1-48B3-854D-C19A4BACD9EE}.Debug|Any CPU.ActiveCfg = Debug|Any CPU
		{503D7CB3-B8E1-48B3-854D-C19A4BACD9EE}.Debug|Any CPU.Build.0 = Debug|Any CPU
		{503D7CB3-B8E1-48B3-854D-C19A4BACD9EE}.Release|Any CPU.ActiveCfg = Release|Any CPU
		{503D7CB3-B8E1-48B3-854D-C19A4BACD9EE}.Release|Any CPU.Build.0 = Release|Any CPU
		{7F14BD1F-3513-4E53-9EF5-CE92D23B1FA1}.Debug|Any CPU.ActiveCfg = Debug|Any CPU
		{7F14BD1F-3513-4E53-9EF5-CE92D23B1FA1}.Debug|Any CPU.Build.0 = Debug|Any CPU
		{7F14BD1F-3513-4E53-9EF5-CE92D23B1FA1}.Release|Any CPU.ActiveCfg = Release|Any CPU
		{7F14BD1F-3513-4E53-9EF5-CE92D23B1FA1}.Release|Any CPU.Build.0 = Release|Any CPU
	EndGlobalSection
	GlobalSection(SolutionProperties) = preSolution
		HideSolutionNode = FALSE
	EndGlobalSection
	GlobalSection(ExtensibilityGlobals) = postSolution
		SolutionGuid = {38973719-7808-4099-86A2-A56A0B038936}
	EndGlobalSection
EndGlobal
