
Microsoft Visual Studio Solution File, Format Version 12.00
Project("{FAE04EC0-301F-11D3-BF4B-00C04F79EFBC}") = "GettingMessagesTelegram", "src\GettingMessagesTelegram\GettingMessagesTelegram.csproj", "{8BB0173A-5BB5-410B-A9A6-7CD0115E0D17}"
EndProject
Project("{FAE04EC0-301F-11D3-BF4B-00C04F79EFBC}") = "PublishImage", "src\PublishImage\PublishImage.csproj", "{5DE9A1DD-9C93-482D-8CE9-8ECFF3D17B4C}"
EndProject
Global
	GlobalSection(SolutionConfigurationPlatforms) = preSolution
		Debug|Any CPU = Debug|Any CPU
		Release|Any CPU = Release|Any CPU
	EndGlobalSection
	GlobalSection(ProjectConfigurationPlatforms) = postSolution
		{8BB0173A-5BB5-410B-A9A6-7CD0115E0D17}.Debug|Any CPU.ActiveCfg = Debug|Any CPU
		{8BB0173A-5BB5-410B-A9A6-7CD0115E0D17}.Debug|Any CPU.Build.0 = Debug|Any CPU
		{8BB0173A-5BB5-410B-A9A6-7CD0115E0D17}.Release|Any CPU.ActiveCfg = Release|Any CPU
		{8BB0173A-5BB5-410B-A9A6-7CD0115E0D17}.Release|Any CPU.Build.0 = Release|Any CPU
		{5DE9A1DD-9C93-482D-8CE9-8ECFF3D17B4C}.Debug|Any CPU.ActiveCfg = Debug|Any CPU
		{5DE9A1DD-9C93-482D-8CE9-8ECFF3D17B4C}.Debug|Any CPU.Build.0 = Debug|Any CPU
		{5DE9A1DD-9C93-482D-8CE9-8ECFF3D17B4C}.Release|Any CPU.ActiveCfg = Release|Any CPU
		{5DE9A1DD-9C93-482D-8CE9-8ECFF3D17B4C}.Release|Any CPU.Build.0 = Release|Any CPU
	EndGlobalSection
EndGlobal
